
Microsoft Visual Studio Solution File, Format Version 12.00
# Visual Studio Version 17
VisualStudioVersion = 17.14.37328.6
MinimumVisualStudioVersion = 10.0.40219.1
Project("{FAE04EC0-301F-11D3-BF4B-00C04F79EFBC}") = "TP4movil", "TP4movil\TP4movil.csproj", "{60310673-7650-4BB1-BFE8-8BE4EC43BAC5}"
EndProject
Global
	GlobalSection(SolutionConfigurationPlatforms) = preSolution
		Debug|Any CPU = Debug|Any CPU
		Release|Any CPU = Release|Any CPU
	EndGlobalSection
	GlobalSection(ProjectConfigurationPlatforms) = postSolution
		{60310673-7650-4BB1-BFE8-8BE4EC43BAC5}.Debug|Any CPU.ActiveCfg = Debug|Any CPU
		{60310673-7650-4BB1-BFE8-8BE4EC43BAC5}.Debug|Any CPU.Build.0 = Debug|Any CPU
		{60310673-7650-4BB1-BFE8-8BE4EC43BAC5}.Release|Any CPU.ActiveCfg = Release|Any CPU
		{60310673-7650-4BB1-BFE8-8BE4EC43BAC5}.Release|Any CPU.Build.0 = Release|Any CPU
	EndGlobalSection
	GlobalSection(SolutionProperties) = preSolution
		HideSolutionNode = FALSE
	EndGlobalSection
	GlobalSection(ExtensibilityGlobals) = postSolution
		SolutionGuid = {295325A7-C896-446F-AAF2-7B7297D5FFCB}
	EndGlobalSection
EndGlobal
